
Microsoft Visual Studio Solution File, Format Version 12.00
# Visual Studio Version 16
VisualStudioVersion = 16.0.30320.27
MinimumVisualStudioVersion = 10.0.40219.1
Project("{FAE04EC0-301F-11D3-BF4B-00C04F79EFBC}") = "ShortcutSidebar", "ShortcutSidebar.csproj", "{55337C58-8ED1-4D36-8754-73F9EFD660CB}"
EndProject
Global
	GlobalSection(SolutionConfigurationPlatforms) = preSolution
		Debug|Any CPU = Debug|Any CPU
		Release|Any CPU = Release|Any CPU
	EndGlobalSection
	GlobalSection(ProjectConfigurationPlatforms) = postSolution
		{55337C58-8ED1-4D36-8754-73F9EFD660CB}.Debug|Any CPU.ActiveCfg = Debug|Any CPU
		{55337C58-8ED1-4D36-8754-73F9EFD660CB}.Debug|Any CPU.Build.0 = Debug|Any CPU
		{55337C58-8ED1-4D36-8754-73F9EFD660CB}.Release|Any CPU.ActiveCfg = Release|Any CPU
		{55337C58-8ED1-4D36-8754-73F9EFD660CB}.Release|Any CPU.Build.0 = Release|Any CPU
	EndGlobalSection
	GlobalSection(SolutionProperties) = preSolution
		HideSolutionNode = FALSE
	EndGlobalSection
	GlobalSection(ExtensibilityGlobals) = postSolution
		SolutionGuid = {C8087041-C65C-4760-8EAC-EA3794EBA13B}
	EndGlobalSection
EndGlobal
